dependencies:
- name: front-ui
  repository: file://../charts/front-ui
  version: 0.1.0
- name: account
  repository: file://../charts/account
  version: 0.1.0
- name: exchange
  repository: file://../charts/exchange
  version: 0.1.0
- name: exchange-generator
  repository: file://../charts/exchange-generator
  version: 0.1.0
- name: blocker
  repository: file://../charts/blocker
  version: 0.1.0
- name: cash
  repository: file://../charts/cash
  version: 0.1.0
- name: notification
  repository: file://../charts/notification
  version: 0.1.0
- name: transfer
  repository: file://../charts/transfer
  version: 0.1.0
- name: keycloak
  repository: file://../charts/keycloak
  version: 0.1.0
- name: postgres
  repository: file://../charts/postgres
  version: 0.1.0
- name: kafka
  repository: https://helm-charts.itboon.top/bitnami
  version: 32.3.1
- name: zipkin
  repository: https://openzipkin.github.io/zipkin-helm
  version: 0.3.6
- name: prometheus
  repository: https://prometheus-community.github.io/helm-charts
  version: 27.28.0
- name: grafana
  repository: https://grafana.github.io/helm-charts
  version: 7.0.0
- name: logstash
  repository: https://helm.elastic.co
  version: 8.5.1
- name: elasticsearch
  repository: https://helm.elastic.co
  version: 8.5.1
- name: kibana
  repository: https://helm.elastic.co
  version: 8.5.1
digest: sha256:3ce8c16d9b384995ae88e2d69bf864ac8f2d15d802b2bb8764c181391ba74f3c
generated: "2025-07-21T22:42:40.646788+03:00"
